
Microsoft Visual Studio Solution File, Format Version 12.00
# Visual Studio Version 17
VisualStudioVersion = 17.11.35327.3
MinimumVisualStudioVersion = 10.0.40219.1
Project("{FAE04EC0-301F-11D3-BF4B-00C04F79EFBC}") = "ChatApp.Domain", "ChatApp.Domain\ChatApp.Domain.csproj", "{4348D8EF-8255-47DE-A2B4-9D49986A5D84}"
EndProject
Project("{FAE04EC0-301F-11D3-BF4B-00C04F79EFBC}") = "ChatApp.Infrastructure", "ChatApp.Infrastructure\ChatApp.Infrastructure.csproj", "{EBCABB0E-83B1-48B5-B646-48E9B849DEDD}"
EndProject
Project("{FAE04EC0-301F-11D3-BF4B-00C04F79EFBC}") = "ChatApp.Application", "ChatApp.Application\ChatApp.Application.csproj", "{BB0174AD-FE43-437D-BC84-650FA0B17077}"
EndProject
Project("{FAE04EC0-301F-11D3-BF4B-00C04F79EFBC}") = "ChatApp.Presentation", "ChatApp.Presentation\ChatApp.Presentation.csproj", "{C138CE1C-DCB1-48C8-A53D-F71F41D725AE}"
EndProject
Global
	GlobalSection(SolutionConfigurationPlatforms) = preSolution
		Debug|Any CPU = Debug|Any CPU
		Release|Any CPU = Release|Any CPU
	EndGlobalSection
	GlobalSection(ProjectConfigurationPlatforms) = postSolution
		{4348D8EF-8255-47DE-A2B4-9D49986A5D84}.Debug|Any CPU.ActiveCfg = Debug|Any CPU
		{4348D8EF-8255-47DE-A2B4-9D49986A5D84}.Debug|Any CPU.Build.0 = Debug|Any CPU
		{4348D8EF-8255-47DE-A2B4-9D49986A5D84}.Release|Any CPU.ActiveCfg = Release|Any CPU
		{4348D8EF-8255-47DE-A2B4-9D49986A5D84}.Release|Any CPU.Build.0 = Release|Any CPU
		{EBCABB0E-83B1-48B5-B646-48E9B849DEDD}.Debug|Any CPU.ActiveCfg = Debug|Any CPU
		{EBCABB0E-83B1-48B5-B646-48E9B849DEDD}.Debug|Any CPU.Build.0 = Debug|Any CPU
		{EBCABB0E-83B1-48B5-B646-48E9B849DEDD}.Release|Any CPU.ActiveCfg = Release|Any CPU
		{EBCABB0E-83B1-48B5-B646-48E9B849DEDD}.Release|Any CPU.Build.0 = Release|Any CPU
		{BB0174AD-FE43-437D-BC84-650FA0B17077}.Debug|Any CPU.ActiveCfg = Debug|Any CPU
		{BB0174AD-FE43-437D-BC84-650FA0B17077}.Debug|Any CPU.Build.0 = Debug|Any CPU
		{BB0174AD-FE43-437D-BC84-650FA0B17077}.Release|Any CPU.ActiveCfg = Release|Any CPU
		{BB0174AD-FE43-437D-BC84-650FA0B17077}.Release|Any CPU.Build.0 = Release|Any CPU
		{C138CE1C-DCB1-48C8-A53D-F71F41D725AE}.Debug|Any CPU.ActiveCfg = Debug|Any CPU
		{C138CE1C-DCB1-48C8-A53D-F71F41D725AE}.Debug|Any CPU.Build.0 = Debug|Any CPU
		{C138CE1C-DCB1-48C8-A53D-F71F41D725AE}.Release|Any CPU.ActiveCfg = Release|Any CPU
		{C138CE1C-DCB1-48C8-A53D-F71F41D725AE}.Release|Any CPU.Build.0 = Release|Any CPU
	EndGlobalSection
	GlobalSection(SolutionProperties) = preSolution
		HideSolutionNode = FALSE
	EndGlobalSection
	GlobalSection(ExtensibilityGlobals) = postSolution
		SolutionGuid = {C72A8C60-155F-4C8D-A3B0-3BA0078CA5F1}
	EndGlobalSection
EndGlobal
